// !$*UTF8*$!
{
	archiveVersion = 1;
	classes = {
	};
	objectVersion = 46;
	objects = {

/* Begin PBXBuildFile section */
		5105F8C61EBC667600BF7150 /* Photo+CoreDataClass.swift in Sources */ = {isa = PBXBuildFile; fileRef = 5105F8C21EBC667600BF7150 /* Photo+CoreDataClass.swift */; };
		5105F8C71EBC667600BF7150 /* Photo+CoreDataProperties.swift in Sources */ = {isa = PBXBuildFile; fileRef = 5105F8C31EBC667600BF7150 /* Photo+CoreDataProperties.swift */; };
		5105F8C81EBC667600BF7150 /* Pin+CoreDataClass.swift in Sources */ = {isa = PBXBuildFile; fileRef = 5105F8C41EBC667600BF7150 /* Pin+CoreDataClass.swift */; };
		5105F8C91EBC667600BF7150 /* Pin+CoreDataProperties.swift in Sources */ = {isa = PBXBuildFile; fileRef = 5105F8C51EBC667600BF7150 /* Pin+CoreDataProperties.swift */; };
		5105F8CC1EBC6F7400BF7150 /* CoreDataViewController.swift in Sources */ = {isa = PBXBuildFile; fileRef = 5105F8CB1EBC6F7400BF7150 /* CoreDataViewController.swift */; };
		5122D2F31EBC5DBB000D576A /* CoreDataStack.swift in Sources */ = {isa = PBXBuildFile; fileRef = 5122D2F21EBC5DBB000D576A /* CoreDataStack.swift */; };
		51621C871EBC27E200C34B46 /* Constants.swift in Sources */ = {isa = PBXBuildFile; fileRef = 51621C861EBC27E200C34B46 /* Constants.swift */; };
		51CC091E1EBB10C30029F7F7 /* AppDelegate.swift in Sources */ = {isa = PBXBuildFile; fileRef = 51CC091D1EBB10C30029F7F7 /* AppDelegate.swift */; };
		51CC09201EBB10C30029F7F7 /* MapViewController.swift in Sources */ = {isa = PBXBuildFile; fileRef = 51CC091F1EBB10C30029F7F7 /* MapViewController.swift */; };
		51CC09231EBB10C30029F7F7 /* Main.storyboard in Resources */ = {isa = PBXBuildFile; fileRef = 51CC09211EBB10C30029F7F7 /* Main.storyboard */; };
		51CC09251EBB10C30029F7F7 /* Assets.xcassets in Resources */ = {isa = PBXBuildFile; fileRef = 51CC09241EBB10C30029F7F7 /* Assets.xcassets */; };
		51CC09281EBB10C30029F7F7 /* LaunchScreen.storyboard in Resources */ = {isa = PBXBuildFile; fileRef = 51CC09261EBB10C30029F7F7 /* LaunchScreen.storyboard */; };
		51CC09311EBB11000029F7F7 /* Model.xcdatamodeld in Sources */ = {isa = PBXBuildFile; fileRef = 51CC092F1EBB11000029F7F7 /* Model.xcdatamodeld */; };
		51CC09331EBB17480029F7F7 /* PhotosViewController.swift in Sources */ = {isa = PBXBuildFile; fileRef = 51CC09321EBB17480029F7F7 /* PhotosViewController.swift */; };
		51CC09351EBB297F0029F7F7 /* FlickrClient.swift in Sources */ = {isa = PBXBuildFile; fileRef = 51CC09341EBB297F0029F7F7 /* FlickrClient.swift */; };
/* End PBXBuildFile section */

/* Begin PBXFileReference section */
		5105F8C21EBC667600BF7150 /* Photo+CoreDataClass.swift */ = {isa = PBXFileReference; fileEncoding = 4; lastKnownFileType = sourcecode.swift; name = "Photo+CoreDataClass.swift"; path = "UdacityVirtualTourist/Photo+CoreDataClass.swift"; sourceTree = "<group>"; };
		5105F8C31EBC667600BF7150 /* Photo+CoreDataProperties.swift */ = {isa = PBXFileReference; fileEncoding = 4; lastKnownFileType = sourcecode.swift; name = "Photo+CoreDataProperties.swift"; path = "UdacityVirtualTourist/Photo+CoreDataProperties.swift"; sourceTree = "<group>"; };
		5105F8C41EBC667600BF7150 /* Pin+CoreDataClass.swift */ = {isa = PBXFileReference; fileEncoding = 4; lastKnownFileType = sourcecode.swift; name = "Pin+CoreDataClass.swift"; path = "UdacityVirtualTourist/Pin+CoreDataClass.swift"; sourceTree = "<group>"; };
		5105F8C51EBC667600BF7150 /* Pin+CoreDataProperties.swift */ = {isa = PBXFileReference; fileEncoding = 4; lastKnownFileType = sourcecode.swift; name = "Pin+CoreDataProperties.swift"; path = "UdacityVirtualTourist/Pin+CoreDataProperties.swift"; sourceTree = "<group>"; };
		5105F8CB1EBC6F7400BF7150 /* CoreDataViewController.swift */ = {isa = PBXFileReference; fileEncoding = 4; lastKnownFileType = sourcecode.swift; path = CoreDataViewController.swift; sourceTree = "<group>"; };
		5122D2F21EBC5DBB000D576A /* CoreDataStack.swift */ = {isa = PBXFileReference; fileEncoding = 4; lastKnownFileType = sourcecode.swift; name = CoreDataStack.swift; path = UdacityVirtualTourist/CoreDataStack.swift; sourceTree = "<group>"; };
		51621C861EBC27E200C34B46 /* Constants.swift */ = {isa = PBXFileReference; fileEncoding = 4; lastKnownFileType = sourcecode.swift; path = Constants.swift; sourceTree = "<group>"; };
		51CC091A1EBB10C30029F7F7 /* UdacityVirtualTourist.app */ = {isa = PBXFileReference; explicitFileType = wrapper.application; includeInIndex = 0; path = UdacityVirtualTourist.app; sourceTree = BUILT_PRODUCTS_DIR; };
		51CC091D1EBB10C30029F7F7 /* AppDelegate.swift */ = {isa = PBXFileReference; lastKnownFileType = sourcecode.swift; path = AppDelegate.swift; sourceTree = "<group>"; };
		51CC091F1EBB10C30029F7F7 /* MapViewController.swift */ = {isa = PBXFileReference; lastKnownFileType = sourcecode.swift; path = MapViewController.swift; sourceTree = "<group>"; };
		51CC09221EBB10C30029F7F7 /* Base */ = {isa = PBXFileReference; lastKnownFileType = file.storyboard; name = Base; path = Base.lproj/Main.storyboard; sourceTree = "<group>"; };
		51CC09241EBB10C30029F7F7 /* Assets.xcassets */ = {isa = PBXFileReference; lastKnownFileType = folder.assetcatalog; path = Assets.xcassets; sourceTree = "<group>"; };
		51CC09271EBB10C30029F7F7 /* Base */ = {isa = PBXFileReference; lastKnownFileType = file.storyboard; name = Base; path = Base.lproj/LaunchScreen.storyboard; sourceTree = "<group>"; };
		51CC09291EBB10C30029F7F7 /* Info.plist */ = {isa = PBXFileReference; lastKnownFileType = text.plist.xml; path = Info.plist; sourceTree = "<group>"; };
		51CC09301EBB11000029F7F7 /* Model.xcdatamodel */ = {isa = PBXFileReference; lastKnownFileType = wrapper.xcdatamodel; path = Model.xcdatamodel; sourceTree = "<group>"; };
		51CC09321EBB17480029F7F7 /* PhotosViewController.swift */ = {isa = PBXFileReference; fileEncoding = 4; lastKnownFileType = sourcecode.swift; path = PhotosViewController.swift; sourceTree = "<group>"; };
		51CC09341EBB297F0029F7F7 /* FlickrClient.swift */ = {isa = PBXFileReference; fileEncoding = 4; lastKnownFileType = sourcecode.swift; name = FlickrClient.swift; path = UdacityVirtualTourist/FlickrClient.swift; sourceTree = "<group>"; };
/* End PBXFileReference section */

/* Begin PBXFrameworksBuildPhase section */
		51CC09171EBB10C30029F7F7 /* Frameworks */ = {
			isa = PBXFrameworksBuildPhase;
			buildActionMask = 2147483647;
			files = (
			);
			runOnlyForDeploymentPostprocessing = 0;
		};
/* End PBXFrameworksBuildPhase section */

/* Begin PBXGroup section */
		5105F8CA1EBC6C1300BF7150 /* Controllers */ = {
			isa = PBXGroup;
			children = (
				5105F8CB1EBC6F7400BF7150 /* CoreDataViewController.swift */,
				51CC091F1EBB10C30029F7F7 /* MapViewController.swift */,
				51CC09321EBB17480029F7F7 /* PhotosViewController.swift */,
			);
			name = Controllers;
			sourceTree = "<group>";
		};
		5122D2F11EBC5D93000D576A /* Model */ = {
			isa = PBXGroup;
			children = (
				51621C861EBC27E200C34B46 /* Constants.swift */,
				51CC092F1EBB11000029F7F7 /* Model.xcdatamodeld */,
				5122D2F21EBC5DBB000D576A /* CoreDataStack.swift */,
				5105F8C21EBC667600BF7150 /* Photo+CoreDataClass.swift */,
				5105F8C31EBC667600BF7150 /* Photo+CoreDataProperties.swift */,
				5105F8C41EBC667600BF7150 /* Pin+CoreDataClass.swift */,
				5105F8C51EBC667600BF7150 /* Pin+CoreDataProperties.swift */,
				51CC09341EBB297F0029F7F7 /* FlickrClient.swift */,
			);
			name = Model;
			path = ..;
			sourceTree = "<group>";
		};
		51CC09111EBB10C30029F7F7 = {
			isa = PBXGroup;
			children = (
				51CC091C1EBB10C30029F7F7 /* UdacityVirtualTourist */,
				51CC091B1EBB10C30029F7F7 /* Products */,
			);
			sourceTree = "<group>";
		};
		51CC091B1EBB10C30029F7F7 /* Products */ = {
			isa = PBXGroup;
			children = (
				51CC091A1EBB10C30029F7F7 /* UdacityVirtualTourist.app */,
			);
			name = Products;
			sourceTree = "<group>";
		};
		51CC091C1EBB10C30029F7F7 /* UdacityVirtualTourist */ = {
			isa = PBXGroup;
			children = (
				51CC091D1EBB10C30029F7F7 /* AppDelegate.swift */,
				5122D2F11EBC5D93000D576A /* Model */,
				5105F8CA1EBC6C1300BF7150 /* Controllers */,
				51CC09211EBB10C30029F7F7 /* Main.storyboard */,
				51CC09241EBB10C30029F7F7 /* Assets.xcassets */,
				51CC09261EBB10C30029F7F7 /* LaunchScreen.storyboard */,
				51CC09291EBB10C30029F7F7 /* Info.plist */,
			);
			path = UdacityVirtualTourist;
			sourceTree = "<group>";
		};
/* End PBXGroup section */

/* Begin PBXNativeTarget section */
		51CC09191EBB10C30029F7F7 /* UdacityVirtualTourist */ = {
			isa = PBXNativeTarget;
			buildConfigurationList = 51CC092C1EBB10C30029F7F7 /* Build configuration list for PBXNativeTarget "UdacityVirtualTourist" */;
			buildPhases = (
				51CC09161EBB10C30029F7F7 /* Sources */,
				51CC09171EBB10C30029F7F7 /* Frameworks */,
				51CC09181EBB10C30029F7F7 /* Resources */,
			);
			buildRules = (
			);
			dependencies = (
			);
			name = UdacityVirtualTourist;
			productName = UdacityVirtualTourist;
			productReference = 51CC091A1EBB10C30029F7F7 /* UdacityVirtualTourist.app */;
			productType = "com.apple.product-type.application";
		};
/* End PBXNativeTarget section */

/* Begin PBXProject section */
		51CC09121EBB10C30029F7F7 /* Project object */ = {
			isa = PBXProject;
			attributes = {
				LastSwiftUpdateCheck = 0820;
				LastUpgradeCheck = 0820;
				ORGANIZATIONNAME = Amazon;
				TargetAttributes = {
					51CC09191EBB10C30029F7F7 = {
						CreatedOnToolsVersion = 8.2.1;
						DevelopmentTeam = QH9Y2868E6;
						ProvisioningStyle = Automatic;
					};
				};
			};
			buildConfigurationList = 51CC09151EBB10C30029F7F7 /* Build configuration list for PBXProject "UdacityVirtualTourist" */;
			compatibilityVersion = "Xcode 3.2";
			developmentRegion = English;
			hasScannedForEncodings = 0;
			knownRegions = (
				en,
				Base,
			);
			mainGroup = 51CC09111EBB10C30029F7F7;
			productRefGroup = 51CC091B1EBB10C30029F7F7 /* Products */;
			projectDirPath = "";
			projectRoot = "";
			targets = (
				51CC09191EBB10C30029F7F7 /* UdacityVirtualTourist */,
			);
		};
/* End PBXProject section */

/* Begin PBXResourcesBuildPhase section */
		51CC09181EBB10C30029F7F7 /* Resources */ = {
			isa = PBXResourcesBuildPhase;
			buildActionMask = 2147483647;
			files = (
				51CC09281EBB10C30029F7F7 /* LaunchScreen.storyboard in Resources */,
				51CC09251EBB10C30029F7F7 /* Assets.xcassets in Resources */,
				51CC09231EBB10C30029F7F7 /* Main.storyboard in Resources */,
			);
			runOnlyForDeploymentPostprocessing = 0;
		};
/* End PBXResourcesBuildPhase section */

/* Begin PBXSourcesBuildPhase section */
		51CC09161EBB10C30029F7F7 /* Sources */ = {
			isa = PBXSourcesBuildPhase;
			buildActionMask = 2147483647;
			files = (
				51CC09201EBB10C30029F7F7 /* MapViewController.swift in Sources */,
				5105F8C81EBC667600BF7150 /* Pin+CoreDataClass.swift in Sources */,
				51CC09351EBB297F0029F7F7 /* FlickrClient.swift in Sources */,
				5105F8C91EBC667600BF7150 /* Pin+CoreDataProperties.swift in Sources */,
				5105F8C61EBC667600BF7150 /* Photo+CoreDataClass.swift in Sources */,
				51CC09331EBB17480029F7F7 /* PhotosViewController.swift in Sources */,
				5122D2F31EBC5DBB000D576A /* CoreDataStack.swift in Sources */,
				51CC091E1EBB10C30029F7F7 /* AppDelegate.swift in Sources */,
				5105F8C71EBC667600BF7150 /* Photo+CoreDataProperties.swift in Sources */,
				5105F8CC1EBC6F7400BF7150 /* CoreDataViewController.swift in Sources */,
				51CC09311EBB11000029F7F7 /* Model.xcdatamodeld in Sources */,
				51621C871EBC27E200C34B46 /* Constants.swift in Sources */,
			);
			runOnlyForDeploymentPostprocessing = 0;
		};
/* End PBXSourcesBuildPhase section */

/* Begin PBXVariantGroup section */
		51CC09211EBB10C30029F7F7 /* Main.storyboard */ = {
			isa = PBXVariantGroup;
			children = (
				51CC09221EBB10C30029F7F7 /* Base */,
			);
			name = Main.storyboard;
			sourceTree = "<group>";
		};
		51CC09261EBB10C30029F7F7 /* LaunchScreen.storyboard */ = {
			isa = PBXVariantGroup;
			children = (
				51CC09271EBB10C30029F7F7 /* Base */,
			);
			name = LaunchScreen.storyboard;
			sourceTree = "<group>";
		};
/* End PBXVariantGroup section */

/* Begin XCBuildConfiguration section */
		51CC092A1EBB10C30029F7F7 /* Debug */ = {
			isa = XCBuildConfiguration;
			buildSettings = {
				ALWAYS_SEARCH_USER_PATHS = NO;
				CLANG_ANALYZER_NONNULL = YES;
				CLANG_CXX_LANGUAGE_STANDARD = "gnu++0x";
				CLANG_CXX_LIBRARY = "libc++";
				CLANG_ENABLE_MODULES = YES;
				CLANG_ENABLE_OBJC_ARC = YES;
				CLANG_WARN_BOOL_CONVERSION = YES;
				CLANG_WARN_CONSTANT_CONVERSION = YES;
				CLANG_WARN_DIRECT_OBJC_ISA_USAGE = YES_ERROR;
				CLANG_WARN_DOCUMENTATION_COMMENTS = YES;
				CLANG_WARN_EMPTY_BODY = YES;
				CLANG_WARN_ENUM_CONVERSION = YES;
				CLANG_WARN_INFINITE_RECURSION = YES;
				CLANG_WARN_INT_CONVERSION = YES;
				CLANG_WARN_OBJC_ROOT_CLASS = YES_ERROR;
				CLANG_WARN_SUSPICIOUS_MOVE = YES;
				CLANG_WARN_UNREACHABLE_CODE = YES;
				CLANG_WARN__DUPLICATE_METHOD_MATCH = YES;
				"CODE_SIGN_IDENTITY[sdk=iphoneos*]" = "iPhone Developer";
				COPY_PHASE_STRIP = NO;
				DEBUG_INFORMATION_FORMAT = dwarf;
				ENABLE_STRICT_OBJC_MSGSEND = YES;
				ENABLE_TESTABILITY = YES;
				GCC_C_LANGUAGE_STANDARD = gnu99;
				GCC_DYNAMIC_NO_PIC = NO;
				GCC_NO_COMMON_BLOCKS = YES;
				GCC_OPTIMIZATION_LEVEL = 0;
				GCC_PREPROCESSOR_DEFINITIONS = (
					"DEBUG=1",
					"$(inherited)",
				);
				GCC_WARN_64_TO_32_BIT_CONVERSION = YES;
				GCC_WARN_ABOUT_RETURN_TYPE = YES_ERROR;
				GCC_WARN_UNDECLARED_SELECTOR = YES;
				GCC_WARN_UNINITIALIZED_AUTOS = YES_AGGRESSIVE;
				GCC_WARN_UNUSED_FUNCTION = YES;
				GCC_WARN_UNUSED_VARIABLE = YES;
				IPHONEOS_DEPLOYMENT_TARGET = 10.2;
				MTL_ENABLE_DEBUG_INFO = YES;
				ONLY_ACTIVE_ARCH = YES;
				SDKROOT = iphoneos;
				SWIFT_ACTIVE_COMPILATION_CONDITIONS = DEBUG;
				SWIFT_OPTIMIZATION_LEVEL = "-Onone";
			};
			name = Debug;
		};
		51CC092B1EBB10C30029F7F7 /* Release */ = {
			isa = XCBuildConfiguration;
			buildSettings = {
				ALWAYS_SEARCH_USER_PATHS = NO;
				CLANG_ANALYZER_NONNULL = YES;
				CLANG_CXX_LANGUAGE_STANDARD = "gnu++0x";
				CLANG_CXX_LIBRARY = "libc++";
				CLANG_ENABLE_MODULES = YES;
				CLANG_ENABLE_OBJC_ARC = YES;
				CLANG_WARN_BOOL_CONVERSION = YES;
				CLANG_WARN_CONSTANT_CONVERSION = YES;
				CLANG_WARN_DIRECT_OBJC_ISA_USAGE = YES_ERROR;
				CLANG_WARN_DOCUMENTATION_COMMENTS = YES;
				CLANG_WARN_EMPTY_BODY = YES;
				CLANG_WARN_ENUM_CONVERSION = YES;
				CLANG_WARN_INFINITE_RECURSION = YES;
				CLANG_WARN_INT_CONVERSION = YES;
				CLANG_WARN_OBJC_ROOT_CLASS = YES_ERROR;
				CLANG_WARN_SUSPICIOUS_MOVE = YES;
				CLANG_WARN_UNREACHABLE_CODE = YES;
				CLANG_WARN__DUPLICATE_METHOD_MATCH = YES;
				"CODE_SIGN_IDENTITY[sdk=iphoneos*]" = "iPhone Developer";
				COPY_PHASE_STRIP = NO;
				DEBUG_INFORMATION_FORMAT = "dwarf-with-dsym";
				ENABLE_NS_ASSERTIONS = NO;
				ENABLE_STRICT_OBJC_MSGSEND = YES;
				GCC_C_LANGUAGE_STANDARD = gnu99;
				GCC_NO_COMMON_BLOCKS = YES;
				GCC_WARN_64_TO_32_BIT_CONVERSION = YES;
				GCC_WARN_ABOUT_RETURN_TYPE = YES_ERROR;
				GCC_WARN_UNDECLARED_SELECTOR = YES;
				GCC_WARN_UNINITIALIZED_AUTOS = YES_AGGRESSIVE;
				GCC_WARN_UNUSED_FUNCTION = YES;
				GCC_WARN_UNUSED_VARIABLE = YES;
				IPHONEOS_DEPLOYMENT_TARGET = 10.2;
				MTL_ENABLE_DEBUG_INFO = NO;
				SDKROOT = iphoneos;
				SWIFT_OPTIMIZATION_LEVEL = "-Owholemodule";
				VALIDATE_PRODUCT = YES;
			};
			name = Release;
		};
		51CC092D1EBB10C30029F7F7 /* Debug */ = {
			isa = XCBuildConfiguration;
			buildSettings = {
				ASSETCATALOG_COMPILER_APPICON_NAME = AppIcon;
				DEVELOPMENT_TEAM = QH9Y2868E6;
				INFOPLIST_FILE = UdacityVirtualTourist/Info.plist;
				LD_RUNPATH_SEARCH_PATHS = "$(inherited) @executable_path/Frameworks";
				PRODUCT_BUNDLE_IDENTIFIER = mShop.UdacityVirtualTourist;
				PRODUCT_NAME = "$(TARGET_NAME)";
				SWIFT_VERSION = 3.0;
			};
			name = Debug;
		};
		51CC092E1EBB10C30029F7F7 /* Release */ = {
			isa = XCBuildConfiguration;
			buildSettings = {
				ASSETCATALOG_COMPILER_APPICON_NAME = AppIcon;
				DEVELOPMENT_TEAM = QH9Y2868E6;
				INFOPLIST_FILE = UdacityVirtualTourist/Info.plist;
				LD_RUNPATH_SEARCH_PATHS = "$(inherited) @executable_path/Frameworks";
				PRODUCT_BUNDLE_IDENTIFIER = mShop.UdacityVirtualTourist;
				PRODUCT_NAME = "$(TARGET_NAME)";
				SWIFT_VERSION = 3.0;
			};
			name = Release;
		};
/* End XCBuildConfiguration section */

/* Begin XCConfigurationList section */
		51CC09151EBB10C30029F7F7 /* Build configuration list for PBXProject "UdacityVirtualTourist" */ = {
			isa = XCConfigurationList;
			buildConfigurations = (
				51CC092A1EBB10C30029F7F7 /* Debug */,
				51CC092B1EBB10C30029F7F7 /* Release */,
			);
			defaultConfigurationIsVisible = 0;
			defaultConfigurationName = Release;
		};
		51CC092C1EBB10C30029F7F7 /* Build configuration list for PBXNativeTarget "UdacityVirtualTourist" */ = {
			isa = XCConfigurationList;
			buildConfigurations = (
				51CC092D1EBB10C30029F7F7 /* Debug */,
				51CC092E1EBB10C30029F7F7 /* Release */,
			);
			defaultConfigurationIsVisible = 0;
			defaultConfigurationName = Release;
		};
/* End XCConfigurationList section */

/* Begin XCVersionGroup section */
		51CC092F1EBB11000029F7F7 /* Model.xcdatamodeld */ = {
			isa = XCVersionGroup;
			children = (
				51CC09301EBB11000029F7F7 /* Model.xcdatamodel */,
			);
			currentVersion = 51CC09301EBB11000029F7F7 /* Model.xcdatamodel */;
			name = Model.xcdatamodeld;
			path = UdacityVirtualTourist/Model.xcdatamodeld;
			sourceTree = "<group>";
			versionGroupType = wrapper.xcdatamodel;
		};
/* End XCVersionGroup section */
	};
	rootObject = 51CC09121EBB10C30029F7F7 /* Project object */;
}
